{
  "name": "run-cli",
  "version": "0.1.0",
  "lockfileVersion": 3,
  "requires": true,
  "packages": {
    "": {
      "name": "run-cli",
      "version": "0.1.0",
      "license": "MIT",
      "bin": {
        "run": "bin/run.js"
      },
      "engines": {
        "node": ">=18"
      }
    }
  }
}
